
Microsoft Visual Studio Solution File, Format Version 12.00
# Visual Studio Version 17
VisualStudioVersion = 17.9.34607.119
MinimumVisualStudioVersion = 10.0.40219.1
Project("{9A19103F-16F7-4668-BE54-9A1E7A4F7556}") = "DataAccess", "DataAccess\DataAccess.csproj", "{1DCADCE9-67B7-4D08-AF1B-46778B91E6FD}"
EndProject
Project("{9A19103F-16F7-4668-BE54-9A1E7A4F7556}") = "Business", "Business\Business.csproj", "{A76EDA27-9EC5-41B0-8364-C2DFD9306645}"
EndProject
Project("{9A19103F-16F7-4668-BE54-9A1E7A4F7556}") = "Entities", "Entities\Entities.csproj", "{DC58F849-A506-4DE6-8FC6-50AA1F6445E2}"
EndProject
Project("{9A19103F-16F7-4668-BE54-9A1E7A4F7556}") = "ConsoleUI", "ConsoleUI\ConsoleUI.csproj", "{3394FE10-7815-4AA6-8AE1-2784807748C6}"
EndProject
Project("{9A19103F-16F7-4668-BE54-9A1E7A4F7556}") = "Core", "Core\Core.csproj", "{51ED9B3E-2967-44E3-960E-62B0A378AC35}"
EndProject
Project("{FAE04EC0-301F-11D3-BF4B-00C04F79EFBC}") = "WebAPI", "WebAPI\WebAPI.csproj", "{7C929482-EE00-4D20-A571-CF1AA2F88F0F}"
EndProject
Global
	GlobalSection(SolutionConfigurationPlatforms) = preSolution
		Debug|Any CPU = Debug|Any CPU
		Release|Any CPU = Release|Any CPU
	EndGlobalSection
	GlobalSection(ProjectConfigurationPlatforms) = postSolution
		{1DCADCE9-67B7-4D08-AF1B-46778B91E6FD}.Debug|Any CPU.ActiveCfg = Debug|Any CPU
		{1DCADCE9-67B7-4D08-AF1B-46778B91E6FD}.Debug|Any CPU.Build.0 = Debug|Any CPU
		{1DCADCE9-67B7-4D08-AF1B-46778B91E6FD}.Release|Any CPU.ActiveCfg = Release|Any CPU
		{1DCADCE9-67B7-4D08-AF1B-46778B91E6FD}.Release|Any CPU.Build.0 = Release|Any CPU
		{A76EDA27-9EC5-41B0-8364-C2DFD9306645}.Debug|Any CPU.ActiveCfg = Debug|Any CPU
		{A76EDA27-9EC5-41B0-8364-C2DFD9306645}.Debug|Any CPU.Build.0 = Debug|Any CPU
		{A76EDA27-9EC5-41B0-8364-C2DFD9306645}.Release|Any CPU.ActiveCfg = Release|Any CPU
		{A76EDA27-9EC5-41B0-8364-C2DFD9306645}.Release|Any CPU.Build.0 = Release|Any CPU
		{DC58F849-A506-4DE6-8FC6-50AA1F6445E2}.Debug|Any CPU.ActiveCfg = Debug|Any CPU
		{DC58F849-A506-4DE6-8FC6-50AA1F6445E2}.Debug|Any CPU.Build.0 = Debug|Any CPU
		{DC58F849-A506-4DE6-8FC6-50AA1F6445E2}.Release|Any CPU.ActiveCfg = Release|Any CPU
		{DC58F849-A506-4DE6-8FC6-50AA1F6445E2}.Release|Any CPU.Build.0 = Release|Any CPU
		{3394FE10-7815-4AA6-8AE1-2784807748C6}.Debug|Any CPU.ActiveCfg = Debug|Any CPU
		{3394FE10-7815-4AA6-8AE1-2784807748C6}.Debug|Any CPU.Build.0 = Debug|Any CPU
		{3394FE10-7815-4AA6-8AE1-2784807748C6}.Release|Any CPU.ActiveCfg = Release|Any CPU
		{3394FE10-7815-4AA6-8AE1-2784807748C6}.Release|Any CPU.Build.0 = Release|Any CPU
		{51ED9B3E-2967-44E3-960E-62B0A378AC35}.Debug|Any CPU.ActiveCfg = Debug|Any CPU
		{51ED9B3E-2967-44E3-960E-62B0A378AC35}.Debug|Any CPU.Build.0 = Debug|Any CPU
		{51ED9B3E-2967-44E3-960E-62B0A378AC35}.Release|Any CPU.ActiveCfg = Release|Any CPU
		{51ED9B3E-2967-44E3-960E-62B0A378AC35}.Release|Any CPU.Build.0 = Release|Any CPU
		{7C929482-EE00-4D20-A571-CF1AA2F88F0F}.Debug|Any CPU.ActiveCfg = Debug|Any CPU
		{7C929482-EE00-4D20-A571-CF1AA2F88F0F}.Debug|Any CPU.Build.0 = Debug|Any CPU
		{7C929482-EE00-4D20-A571-CF1AA2F88F0F}.Release|Any CPU.ActiveCfg = Release|Any CPU
		{7C929482-EE00-4D20-A571-CF1AA2F88F0F}.Release|Any CPU.Build.0 = Release|Any CPU
	EndGlobalSection
	GlobalSection(SolutionProperties) = preSolution
		HideSolutionNode = FALSE
	EndGlobalSection
	GlobalSection(ExtensibilityGlobals) = postSolution
		SolutionGuid = {6DB34807-94EE-4FED-8855-121DB65E13C2}
	EndGlobalSection
EndGlobal
